
Microsoft Visual Studio Solution File, Format Version 11.00
# Visual Studio 2010
Project("{F184B08F-C81C-45F6-A57F-5ABD9991F28F}") = "Tour and Travel Blog", "Tour and Travel Blog\Tour and Travel Blog.vbproj", "{8FA1A53A-60BD-4F00-9D8B-ADD16F923288}"
EndProject
Global
	GlobalSection(SolutionConfigurationPlatforms) = preSolution
		Debug|Any CPU = Debug|Any CPU
		Release|Any CPU = Release|Any CPU
	EndGlobalSection
	GlobalSection(ProjectConfigurationPlatforms) = postSolution
		{8FA1A53A-60BD-4F00-9D8B-ADD16F923288}.Debug|Any CPU.ActiveCfg = Debug|Any CPU
		{8FA1A53A-60BD-4F00-9D8B-ADD16F923288}.Debug|Any CPU.Build.0 = Debug|Any CPU
		{8FA1A53A-60BD-4F00-9D8B-ADD16F923288}.Release|Any CPU.ActiveCfg = Release|Any CPU
		{8FA1A53A-60BD-4F00-9D8B-ADD16F923288}.Release|Any CPU.Build.0 = Release|Any CPU
	EndGlobalSection
	GlobalSection(SolutionProperties) = preSolution
		HideSolutionNode = FALSE
	EndGlobalSection
EndGlobal
